
Microsoft Visual Studio Solution File, Format Version 12.00
# Visual Studio 15
VisualStudioVersion = 15.0.28307.1209
MinimumVisualStudioVersion = 10.0.40219.1
Project("{8BC9CEB8-8B4A-11D0-8D11-00A0C91BC942}") = "aspect ratio recong 1.2", "aspect ratio recong 1.2\aspect ratio recong 1.2.vcxproj", "{D636CDF6-5E5D-4523-AD3E-6A9B441097DE}"
EndProject
Global
	GlobalSection(SolutionConfigurationPlatforms) = preSolution
		Debug|x64 = Debug|x64
		Debug|x86 = Debug|x86
		DLL Debug|x64 = DLL Debug|x64
		DLL Debug|x86 = DLL Debug|x86
		DLL Release|x64 = DLL Release|x64
		DLL Release|x86 = DLL Release|x86
		Release|x64 = Release|x64
		Release|x86 = Release|x86
	EndGlobalSection
	GlobalSection(ProjectConfigurationPlatforms) = postSolution
		{D636CDF6-5E5D-4523-AD3E-6A9B441097DE}.Debug|x64.ActiveCfg = Debug|x64
		{D636CDF6-5E5D-4523-AD3E-6A9B441097DE}.Debug|x64.Build.0 = Debug|x64
		{D636CDF6-5E5D-4523-AD3E-6A9B441097DE}.Debug|x86.ActiveCfg = Debug|Win32
		{D636CDF6-5E5D-4523-AD3E-6A9B441097DE}.Debug|x86.Build.0 = Debug|Win32
		{D636CDF6-5E5D-4523-AD3E-6A9B441097DE}.DLL Debug|x64.ActiveCfg = Debug|x64
		{D636CDF6-5E5D-4523-AD3E-6A9B441097DE}.DLL Debug|x64.Build.0 = Debug|x64
		{D636CDF6-5E5D-4523-AD3E-6A9B441097DE}.DLL Debug|x86.ActiveCfg = Debug|Win32
		{D636CDF6-5E5D-4523-AD3E-6A9B441097DE}.DLL Debug|x86.Build.0 = Debug|Win32
		{D636CDF6-5E5D-4523-AD3E-6A9B441097DE}.DLL Release|x64.ActiveCfg = Release|x64
		{D636CDF6-5E5D-4523-AD3E-6A9B441097DE}.DLL Release|x64.Build.0 = Release|x64
		{D636CDF6-5E5D-4523-AD3E-6A9B441097DE}.DLL Release|x86.ActiveCfg = Release|Win32
		{D636CDF6-5E5D-4523-AD3E-6A9B441097DE}.DLL Release|x86.Build.0 = Release|Win32
		{D636CDF6-5E5D-4523-AD3E-6A9B441097DE}.Release|x64.ActiveCfg = Release|x64
		{D636CDF6-5E5D-4523-AD3E-6A9B441097DE}.Release|x64.Build.0 = Release|x64
		{D636CDF6-5E5D-4523-AD3E-6A9B441097DE}.Release|x86.ActiveCfg = Release|Win32
		{D636CDF6-5E5D-4523-AD3E-6A9B441097DE}.Release|x86.Build.0 = Release|Win32
	EndGlobalSection
	GlobalSection(SolutionProperties) = preSolution
		HideSolutionNode = FALSE
	EndGlobalSection
	GlobalSection(ExtensibilityGlobals) = postSolution
		SolutionGuid = {9A76B418-1F83-4775-9CA9-A9C62A524140}
	EndGlobalSection
EndGlobal
